// !$*UTF8*$!
{
	archiveVersion = 1;
	classes = {
	};
	objectVersion = 56;
	objects = {

/* Begin PBXBuildFile section */
		50818BBC2C52A77B00BE212A /* AppDelegate.swift in Sources */ = {isa = PBXBuildFile; fileRef = 50818BBB2C52A77B00BE212A /* AppDelegate.swift */; };
		50818BBE2C52A77B00BE212A /* SceneDelegate.swift in Sources */ = {isa = PBXBuildFile; fileRef = 50818BBD2C52A77B00BE212A /* SceneDelegate.swift */; };
		50818BC02C52A77B00BE212A /* RMTabBarController.swift in Sources */ = {isa = PBXBuildFile; fileRef = 50818BBF2C52A77B00BE212A /* RMTabBarController.swift */; };
		50818BC52C52A77C00BE212A /* Assets.xcassets in Resources */ = {isa = PBXBuildFile; fileRef = 50818BC42C52A77C00BE212A /* Assets.xcassets */; };
		50818BC82C52A77C00BE212A /* Base in Resources */ = {isa = PBXBuildFile; fileRef = 50818BC72C52A77C00BE212A /* Base */; };
		50818BD72C52AC4400BE212A /* RMLocation.swift in Sources */ = {isa = PBXBuildFile; fileRef = 50818BD62C52AC4400BE212A /* RMLocation.swift */; };
		50818BD92C52AC5300BE212A /* RMCharacter.swift in Sources */ = {isa = PBXBuildFile; fileRef = 50818BD82C52AC5300BE212A /* RMCharacter.swift */; };
		50818BDB2C52AC5E00BE212A /* RMEpisode.swift in Sources */ = {isa = PBXBuildFile; fileRef = 50818BDA2C52AC5E00BE212A /* RMEpisode.swift */; };
		50818BE02C52AD5E00BE212A /* RMCharacterViewController.swift in Sources */ = {isa = PBXBuildFile; fileRef = 50818BDF2C52AD5E00BE212A /* RMCharacterViewController.swift */; };
		50818BE22C52AD8100BE212A /* RMLocationViewController.swift in Sources */ = {isa = PBXBuildFile; fileRef = 50818BE12C52AD8100BE212A /* RMLocationViewController.swift */; };
		50818BE42C52AD8900BE212A /* RMEpisodeViewController.swift in Sources */ = {isa = PBXBuildFile; fileRef = 50818BE32C52AD8900BE212A /* RMEpisodeViewController.swift */; };
		50818BE62C52ADA200BE212A /* RMSettingsViewController.swift in Sources */ = {isa = PBXBuildFile; fileRef = 50818BE52C52ADA200BE212A /* RMSettingsViewController.swift */; };
		50A3CD352C5649860029CFFC /* RMService.swift in Sources */ = {isa = PBXBuildFile; fileRef = 50A3CD342C5649860029CFFC /* RMService.swift */; };
		50A3CD372C5649940029CFFC /* RMRequest.swift in Sources */ = {isa = PBXBuildFile; fileRef = 50A3CD362C5649940029CFFC /* RMRequest.swift */; };
		50A3CD392C564AC30029CFFC /* RMEndpoint.swift in Sources */ = {isa = PBXBuildFile; fileRef = 50A3CD382C564AC30029CFFC /* RMEndpoint.swift */; };
/* End PBXBuildFile section */

/* Begin PBXFileReference section */
		50818BB82C52A77B00BE212A /* RickAndMorty.app */ = {isa = PBXFileReference; explicitFileType = wrapper.application; includeInIndex = 0; path = RickAndMorty.app; sourceTree = BUILT_PRODUCTS_DIR; };
		50818BBB2C52A77B00BE212A /* AppDelegate.swift */ = {isa = PBXFileReference; lastKnownFileType = sourcecode.swift; path = AppDelegate.swift; sourceTree = "<group>"; };
		50818BBD2C52A77B00BE212A /* SceneDelegate.swift */ = {isa = PBXFileReference; lastKnownFileType = sourcecode.swift; path = SceneDelegate.swift; sourceTree = "<group>"; };
		50818BBF2C52A77B00BE212A /* RMTabBarController.swift */ = {isa = PBXFileReference; lastKnownFileType = sourcecode.swift; path = RMTabBarController.swift; sourceTree = "<group>"; };
		50818BC42C52A77C00BE212A /* Assets.xcassets */ = {isa = PBXFileReference; lastKnownFileType = folder.assetcatalog; path = Assets.xcassets; sourceTree = "<group>"; };
		50818BC72C52A77C00BE212A /* Base */ = {isa = PBXFileReference; lastKnownFileType = file.storyboard; name = Base; path = Base.lproj/LaunchScreen.storyboard; sourceTree = "<group>"; };
		50818BC92C52A77C00BE212A /* Info.plist */ = {isa = PBXFileReference; lastKnownFileType = text.plist.xml; path = Info.plist; sourceTree = "<group>"; };
		50818BD62C52AC4400BE212A /* RMLocation.swift */ = {isa = PBXFileReference; lastKnownFileType = sourcecode.swift; path = RMLocation.swift; sourceTree = "<group>"; };
		50818BD82C52AC5300BE212A /* RMCharacter.swift */ = {isa = PBXFileReference; lastKnownFileType = sourcecode.swift; path = RMCharacter.swift; sourceTree = "<group>"; };
		50818BDA2C52AC5E00BE212A /* RMEpisode.swift */ = {isa = PBXFileReference; lastKnownFileType = sourcecode.swift; path = RMEpisode.swift; sourceTree = "<group>"; };
		50818BDF2C52AD5E00BE212A /* RMCharacterViewController.swift */ = {isa = PBXFileReference; lastKnownFileType = sourcecode.swift; path = RMCharacterViewController.swift; sourceTree = "<group>"; };
		50818BE12C52AD8100BE212A /* RMLocationViewController.swift */ = {isa = PBXFileReference; lastKnownFileType = sourcecode.swift; path = RMLocationViewController.swift; sourceTree = "<group>"; };
		50818BE32C52AD8900BE212A /* RMEpisodeViewController.swift */ = {isa = PBXFileReference; lastKnownFileType = sourcecode.swift; path = RMEpisodeViewController.swift; sourceTree = "<group>"; };
		50818BE52C52ADA200BE212A /* RMSettingsViewController.swift */ = {isa = PBXFileReference; lastKnownFileType = sourcecode.swift; path = RMSettingsViewController.swift; sourceTree = "<group>"; };
		50A3CD342C5649860029CFFC /* RMService.swift */ = {isa = PBXFileReference; lastKnownFileType = sourcecode.swift; path = RMService.swift; sourceTree = "<group>"; };
		50A3CD362C5649940029CFFC /* RMRequest.swift */ = {isa = PBXFileReference; lastKnownFileType = sourcecode.swift; path = RMRequest.swift; sourceTree = "<group>"; };
		50A3CD382C564AC30029CFFC /* RMEndpoint.swift */ = {isa = PBXFileReference; lastKnownFileType = sourcecode.swift; path = RMEndpoint.swift; sourceTree = "<group>"; };
/* End PBXFileReference section */

/* Begin PBXFrameworksBuildPhase section */
		50818BB52C52A77B00BE212A /* Frameworks */ = {
			isa = PBXFrameworksBuildPhase;
			buildActionMask = 2147483647;
			files = (
			);
			runOnlyForDeploymentPostprocessing = 0;
		};
/* End PBXFrameworksBuildPhase section */

/* Begin PBXGroup section */
		50818BAF2C52A77B00BE212A = {
			isa = PBXGroup;
			children = (
				50818BBA2C52A77B00BE212A /* RickAndMorty */,
				50818BB92C52A77B00BE212A /* Products */,
			);
			sourceTree = "<group>";
		};
		50818BB92C52A77B00BE212A /* Products */ = {
			isa = PBXGroup;
			children = (
				50818BB82C52A77B00BE212A /* RickAndMorty.app */,
			);
			name = Products;
			sourceTree = "<group>";
		};
		50818BBA2C52A77B00BE212A /* RickAndMorty */ = {
			isa = PBXGroup;
			children = (
				50818BCF2C52AB5600BE212A /* Resources */,
				50818BD42C52ABF000BE212A /* Models */,
				50818BD32C52ABE900BE212A /* Views */,
				50818BD22C52ABDE00BE212A /* ViewModels */,
				50818BD12C52ABC900BE212A /* APIClient */,
				50818BD02C52ABB200BE212A /* Managers */,
				50818BD52C52ABFB00BE212A /* Controllers */,
				50818BC92C52A77C00BE212A /* Info.plist */,
			);
			path = RickAndMorty;
			sourceTree = "<group>";
		};
		50818BCF2C52AB5600BE212A /* Resources */ = {
			isa = PBXGroup;
			children = (
				50818BBB2C52A77B00BE212A /* AppDelegate.swift */,
				50818BBD2C52A77B00BE212A /* SceneDelegate.swift */,
				50818BC42C52A77C00BE212A /* Assets.xcassets */,
				50818BC62C52A77C00BE212A /* LaunchScreen.storyboard */,
			);
			path = Resources;
			sourceTree = "<group>";
		};
		50818BD02C52ABB200BE212A /* Managers */ = {
			isa = PBXGroup;
			children = (
			);
			path = Managers;
			sourceTree = "<group>";
		};
		50818BD12C52ABC900BE212A /* APIClient */ = {
			isa = PBXGroup;
			children = (
				50A3CD342C5649860029CFFC /* RMService.swift */,
				50A3CD362C5649940029CFFC /* RMRequest.swift */,
				50A3CD382C564AC30029CFFC /* RMEndpoint.swift */,
			);
			path = APIClient;
			sourceTree = "<group>";
		};
		50818BD22C52ABDE00BE212A /* ViewModels */ = {
			isa = PBXGroup;
			children = (
			);
			path = ViewModels;
			sourceTree = "<group>";
		};
		50818BD32C52ABE900BE212A /* Views */ = {
			isa = PBXGroup;
			children = (
			);
			path = Views;
			sourceTree = "<group>";
		};
		50818BD42C52ABF000BE212A /* Models */ = {
			isa = PBXGroup;
			children = (
				50818BD62C52AC4400BE212A /* RMLocation.swift */,
				50818BD82C52AC5300BE212A /* RMCharacter.swift */,
				50818BDA2C52AC5E00BE212A /* RMEpisode.swift */,
			);
			path = Models;
			sourceTree = "<group>";
		};
		50818BD52C52ABFB00BE212A /* Controllers */ = {
			isa = PBXGroup;
			children = (
				50818BDC2C52AC9A00BE212A /* Core */,
			);
			path = Controllers;
			sourceTree = "<group>";
		};
		50818BDC2C52AC9A00BE212A /* Core */ = {
			isa = PBXGroup;
			children = (
				50818BBF2C52A77B00BE212A /* RMTabBarController.swift */,
				50818BDF2C52AD5E00BE212A /* RMCharacterViewController.swift */,
				50818BE12C52AD8100BE212A /* RMLocationViewController.swift */,
				50818BE32C52AD8900BE212A /* RMEpisodeViewController.swift */,
				50818BE52C52ADA200BE212A /* RMSettingsViewController.swift */,
			);
			path = Core;
			sourceTree = "<group>";
		};
/* End PBXGroup section */

/* Begin PBXNativeTarget section */
		50818BB72C52A77B00BE212A /* RickAndMorty */ = {
			isa = PBXNativeTarget;
			buildConfigurationList = 50818BCC2C52A77C00BE212A /* Build configuration list for PBXNativeTarget "RickAndMorty" */;
			buildPhases = (
				50818BB42C52A77B00BE212A /* Sources */,
				50818BB52C52A77B00BE212A /* Frameworks */,
				50818BB62C52A77B00BE212A /* Resources */,
			);
			buildRules = (
			);
			dependencies = (
			);
			name = RickAndMorty;
			productName = RickAndMorty;
			productReference = 50818BB82C52A77B00BE212A /* RickAndMorty.app */;
			productType = "com.apple.product-type.application";
		};
/* End PBXNativeTarget section */

/* Begin PBXProject section */
		50818BB02C52A77B00BE212A /* Project object */ = {
			isa = PBXProject;
			attributes = {
				BuildIndependentTargetsInParallel = 1;
				LastSwiftUpdateCheck = 1540;
				LastUpgradeCheck = 1540;
				TargetAttributes = {
					50818BB72C52A77B00BE212A = {
						CreatedOnToolsVersion = 15.4;
					};
				};
			};
			buildConfigurationList = 50818BB32C52A77B00BE212A /* Build configuration list for PBXProject "RickAndMorty" */;
			compatibilityVersion = "Xcode 14.0";
			developmentRegion = en;
			hasScannedForEncodings = 0;
			knownRegions = (
				en,
				Base,
			);
			mainGroup = 50818BAF2C52A77B00BE212A;
			productRefGroup = 50818BB92C52A77B00BE212A /* Products */;
			projectDirPath = "";
			projectRoot = "";
			targets = (
				50818BB72C52A77B00BE212A /* RickAndMorty */,
			);
		};
/* End PBXProject section */

/* Begin PBXResourcesBuildPhase section */
		50818BB62C52A77B00BE212A /* Resources */ = {
			isa = PBXResourcesBuildPhase;
			buildActionMask = 2147483647;
			files = (
				50818BC52C52A77C00BE212A /* Assets.xcassets in Resources */,
				50818BC82C52A77C00BE212A /* Base in Resources */,
			);
			runOnlyForDeploymentPostprocessing = 0;
		};
/* End PBXResourcesBuildPhase section */

/* Begin PBXSourcesBuildPhase section */
		50818BB42C52A77B00BE212A /* Sources */ = {
			isa = PBXSourcesBuildPhase;
			buildActionMask = 2147483647;
			files = (
				50818BE22C52AD8100BE212A /* RMLocationViewController.swift in Sources */,
				50818BDB2C52AC5E00BE212A /* RMEpisode.swift in Sources */,
				50818BC02C52A77B00BE212A /* RMTabBarController.swift in Sources */,
				50818BE42C52AD8900BE212A /* RMEpisodeViewController.swift in Sources */,
				50818BBC2C52A77B00BE212A /* AppDelegate.swift in Sources */,
				50818BBE2C52A77B00BE212A /* SceneDelegate.swift in Sources */,
				50818BE62C52ADA200BE212A /* RMSettingsViewController.swift in Sources */,
				50A3CD352C5649860029CFFC /* RMService.swift in Sources */,
				50818BD72C52AC4400BE212A /* RMLocation.swift in Sources */,
				50A3CD392C564AC30029CFFC /* RMEndpoint.swift in Sources */,
				50818BD92C52AC5300BE212A /* RMCharacter.swift in Sources */,
				50A3CD372C5649940029CFFC /* RMRequest.swift in Sources */,
				50818BE02C52AD5E00BE212A /* RMCharacterViewController.swift in Sources */,
			);
			runOnlyForDeploymentPostprocessing = 0;
		};
/* End PBXSourcesBuildPhase section */

/* Begin PBXVariantGroup section */
		50818BC62C52A77C00BE212A /* LaunchScreen.storyboard */ = {
			isa = PBXVariantGroup;
			children = (
				50818BC72C52A77C00BE212A /* Base */,
			);
			name = LaunchScreen.storyboard;
			sourceTree = "<group>";
		};
/* End PBXVariantGroup section */

/* Begin XCBuildConfiguration section */
		50818BCA2C52A77C00BE212A /* Debug */ = {
			isa = XCBuildConfiguration;
			buildSettings = {
				ALWAYS_SEARCH_USER_PATHS = NO;
				ASSETCATALOG_COMPILER_GENERATE_SWIFT_ASSET_SYMBOL_EXTENSIONS = YES;
				CLANG_ANALYZER_NONNULL = YES;
				CLANG_ANALYZER_NUMBER_OBJECT_CONVERSION = YES_AGGRESSIVE;
				CLANG_CXX_LANGUAGE_STANDARD = "gnu++20";
				CLANG_ENABLE_MODULES = YES;
				CLANG_ENABLE_OBJC_ARC = YES;
				CLANG_ENABLE_OBJC_WEAK = YES;
				CLANG_WARN_BLOCK_CAPTURE_AUTORELEASING = YES;
				CLANG_WARN_BOOL_CONVERSION = YES;
				CLANG_WARN_COMMA = YES;
				CLANG_WARN_CONSTANT_CONVERSION = YES;
				CLANG_WARN_DEPRECATED_OBJC_IMPLEMENTATIONS = YES;
				CLANG_WARN_DIRECT_OBJC_ISA_USAGE = YES_ERROR;
				CLANG_WARN_DOCUMENTATION_COMMENTS = YES;
				CLANG_WARN_EMPTY_BODY = YES;
				CLANG_WARN_ENUM_CONVERSION = YES;
				CLANG_WARN_INFINITE_RECURSION = YES;
				CLANG_WARN_INT_CONVERSION = YES;
				CLANG_WARN_NON_LITERAL_NULL_CONVERSION = YES;
				CLANG_WARN_OBJC_IMPLICIT_RETAIN_SELF = YES;
				CLANG_WARN_OBJC_LITERAL_CONVERSION = YES;
				CLANG_WARN_OBJC_ROOT_CLASS = YES_ERROR;
				CLANG_WARN_QUOTED_INCLUDE_IN_FRAMEWORK_HEADER = YES;
				CLANG_WARN_RANGE_LOOP_ANALYSIS = YES;
				CLANG_WARN_STRICT_PROTOTYPES = YES;
				CLANG_WARN_SUSPICIOUS_MOVE = YES;
				CLANG_WARN_UNGUARDED_AVAILABILITY = YES_AGGRESSIVE;
				CLANG_WARN_UNREACHABLE_CODE = YES;
				CLANG_WARN__DUPLICATE_METHOD_MATCH = YES;
				COPY_PHASE_STRIP = NO;
				DEBUG_INFORMATION_FORMAT = dwarf;
				ENABLE_STRICT_OBJC_MSGSEND = YES;
				ENABLE_TESTABILITY = YES;
				ENABLE_USER_SCRIPT_SANDBOXING = YES;
				GCC_C_LANGUAGE_STANDARD = gnu17;
				GCC_DYNAMIC_NO_PIC = NO;
				GCC_NO_COMMON_BLOCKS = YES;
				GCC_OPTIMIZATION_LEVEL = 0;
				GCC_PREPROCESSOR_DEFINITIONS = (
					"DEBUG=1",
					"$(inherited)",
				);
				GCC_WARN_64_TO_32_BIT_CONVERSION = YES;
				GCC_WARN_ABOUT_RETURN_TYPE = YES_ERROR;
				GCC_WARN_UNDECLARED_SELECTOR = YES;
				GCC_WARN_UNINITIALIZED_AUTOS = YES_AGGRESSIVE;
				GCC_WARN_UNUSED_FUNCTION = YES;
				GCC_WARN_UNUSED_VARIABLE = YES;
				IPHONEOS_DEPLOYMENT_TARGET = 17.5;
				LOCALIZATION_PREFERS_STRING_CATALOGS = YES;
				MTL_ENABLE_DEBUG_INFO = INCLUDE_SOURCE;
				MTL_FAST_MATH = YES;
				ONLY_ACTIVE_ARCH = YES;
				SDKROOT = iphoneos;
				SWIFT_ACTIVE_COMPILATION_CONDITIONS = "DEBUG $(inherited)";
				SWIFT_OPTIMIZATION_LEVEL = "-Onone";
			};
			name = Debug;
		};
		50818BCB2C52A77C00BE212A /* Release */ = {
			isa = XCBuildConfiguration;
			buildSettings = {
				ALWAYS_SEARCH_USER_PATHS = NO;
				ASSETCATALOG_COMPILER_GENERATE_SWIFT_ASSET_SYMBOL_EXTENSIONS = YES;
				CLANG_ANALYZER_NONNULL = YES;
				CLANG_ANALYZER_NUMBER_OBJECT_CONVERSION = YES_AGGRESSIVE;
				CLANG_CXX_LANGUAGE_STANDARD = "gnu++20";
				CLANG_ENABLE_MODULES = YES;
				CLANG_ENABLE_OBJC_ARC = YES;
				CLANG_ENABLE_OBJC_WEAK = YES;
				CLANG_WARN_BLOCK_CAPTURE_AUTORELEASING = YES;
				CLANG_WARN_BOOL_CONVERSION = YES;
				CLANG_WARN_COMMA = YES;
				CLANG_WARN_CONSTANT_CONVERSION = YES;
				CLANG_WARN_DEPRECATED_OBJC_IMPLEMENTATIONS = YES;
				CLANG_WARN_DIRECT_OBJC_ISA_USAGE = YES_ERROR;
				CLANG_WARN_DOCUMENTATION_COMMENTS = YES;
				CLANG_WARN_EMPTY_BODY = YES;
				CLANG_WARN_ENUM_CONVERSION = YES;
				CLANG_WARN_INFINITE_RECURSION = YES;
				CLANG_WARN_INT_CONVERSION = YES;
				CLANG_WARN_NON_LITERAL_NULL_CONVERSION = YES;
				CLANG_WARN_OBJC_IMPLICIT_RETAIN_SELF = YES;
				CLANG_WARN_OBJC_LITERAL_CONVERSION = YES;
				CLANG_WARN_OBJC_ROOT_CLASS = YES_ERROR;
				CLANG_WARN_QUOTED_INCLUDE_IN_FRAMEWORK_HEADER = YES;
				CLANG_WARN_RANGE_LOOP_ANALYSIS = YES;
				CLANG_WARN_STRICT_PROTOTYPES = YES;
				CLANG_WARN_SUSPICIOUS_MOVE = YES;
				CLANG_WARN_UNGUARDED_AVAILABILITY = YES_AGGRESSIVE;
				CLANG_WARN_UNREACHABLE_CODE = YES;
				CLANG_WARN__DUPLICATE_METHOD_MATCH = YES;
				COPY_PHASE_STRIP = NO;
				DEBUG_INFORMATION_FORMAT = "dwarf-with-dsym";
				ENABLE_NS_ASSERTIONS = NO;
				ENABLE_STRICT_OBJC_MSGSEND = YES;
				ENABLE_USER_SCRIPT_SANDBOXING = YES;
				GCC_C_LANGUAGE_STANDARD = gnu17;
				GCC_NO_COMMON_BLOCKS = YES;
				GCC_WARN_64_TO_32_BIT_CONVERSION = YES;
				GCC_WARN_ABOUT_RETURN_TYPE = YES_ERROR;
				GCC_WARN_UNDECLARED_SELECTOR = YES;
				GCC_WARN_UNINITIALIZED_AUTOS = YES_AGGRESSIVE;
				GCC_WARN_UNUSED_FUNCTION = YES;
				GCC_WARN_UNUSED_VARIABLE = YES;
				IPHONEOS_DEPLOYMENT_TARGET = 17.5;
				LOCALIZATION_PREFERS_STRING_CATALOGS = YES;
				MTL_ENABLE_DEBUG_INFO = NO;
				MTL_FAST_MATH = YES;
				SDKROOT = iphoneos;
				SWIFT_COMPILATION_MODE = wholemodule;
				VALIDATE_PRODUCT = YES;
			};
			name = Release;
		};
		50818BCD2C52A77C00BE212A /* Debug */ = {
			isa = XCBuildConfiguration;
			buildSettings = {
				ASSETCATALOG_COMPILER_APPICON_NAME = AppIcon;
				ASSETCATALOG_COMPILER_GLOBAL_ACCENT_COLOR_NAME = AccentColor;
				CODE_SIGN_STYLE = Automatic;
				CURRENT_PROJECT_VERSION = 1;
				DEVELOPMENT_TEAM = 96CFCGZ8M8;
				GENERATE_INFOPLIST_FILE = YES;
				INFOPLIST_FILE = RickAndMorty/Info.plist;
				INFOPLIST_KEY_UIApplicationSupportsIndirectInputEvents = YES;
				INFOPLIST_KEY_UILaunchStoryboardName = LaunchScreen;
				INFOPLIST_KEY_UISupportedInterfaceOrientations_iPad = "UIInterfaceOrientationPortrait UIInterfaceOrientationPortraitUpsideDown UIInterfaceOrientationLandscapeLeft UIInterfaceOrientationLandscapeRight";
				INFOPLIST_KEY_UISupportedInterfaceOrientations_iPhone = "UIInterfaceOrientationPortrait UIInterfaceOrientationLandscapeLeft UIInterfaceOrientationLandscapeRight";
				LD_RUNPATH_SEARCH_PATHS = (
					"$(inherited)",
					"@executable_path/Frameworks",
				);
				MARKETING_VERSION = 1.0;
				PRODUCT_BUNDLE_IDENTIFIER = com.mehmetemincetin.RickAndMorty;
				PRODUCT_NAME = "$(TARGET_NAME)";
				SWIFT_EMIT_LOC_STRINGS = YES;
				SWIFT_VERSION = 5.0;
				TARGETED_DEVICE_FAMILY = "1,2";
			};
			name = Debug;
		};
		50818BCE2C52A77C00BE212A /* Release */ = {
			isa = XCBuildConfiguration;
			buildSettings = {
				ASSETCATALOG_COMPILER_APPICON_NAME = AppIcon;
				ASSETCATALOG_COMPILER_GLOBAL_ACCENT_COLOR_NAME = AccentColor;
				CODE_SIGN_STYLE = Automatic;
				CURRENT_PROJECT_VERSION = 1;
				DEVELOPMENT_TEAM = 96CFCGZ8M8;
				GENERATE_INFOPLIST_FILE = YES;
				INFOPLIST_FILE = RickAndMorty/Info.plist;
				INFOPLIST_KEY_UIApplicationSupportsIndirectInputEvents = YES;
				INFOPLIST_KEY_UILaunchStoryboardName = LaunchScreen;
				INFOPLIST_KEY_UISupportedInterfaceOrientations_iPad = "UIInterfaceOrientationPortrait UIInterfaceOrientationPortraitUpsideDown UIInterfaceOrientationLandscapeLeft UIInterfaceOrientationLandscapeRight";
				INFOPLIST_KEY_UISupportedInterfaceOrientations_iPhone = "UIInterfaceOrientationPortrait UIInterfaceOrientationLandscapeLeft UIInterfaceOrientationLandscapeRight";
				LD_RUNPATH_SEARCH_PATHS = (
					"$(inherited)",
					"@executable_path/Frameworks",
				);
				MARKETING_VERSION = 1.0;
				PRODUCT_BUNDLE_IDENTIFIER = com.mehmetemincetin.RickAndMorty;
				PRODUCT_NAME = "$(TARGET_NAME)";
				SWIFT_EMIT_LOC_STRINGS = YES;
				SWIFT_VERSION = 5.0;
				TARGETED_DEVICE_FAMILY = "1,2";
			};
			name = Release;
		};
/* End XCBuildConfiguration section */

/* Begin XCConfigurationList section */
		50818BB32C52A77B00BE212A /* Build configuration list for PBXProject "RickAndMorty" */ = {
			isa = XCConfigurationList;
			buildConfigurations = (
				50818BCA2C52A77C00BE212A /* Debug */,
				50818BCB2C52A77C00BE212A /* Release */,
			);
			defaultConfigurationIsVisible = 0;
			defaultConfigurationName = Release;
		};
		50818BCC2C52A77C00BE212A /* Build configuration list for PBXNativeTarget "RickAndMorty" */ = {
			isa = XCConfigurationList;
			buildConfigurations = (
				50818BCD2C52A77C00BE212A /* Debug */,
				50818BCE2C52A77C00BE212A /* Release */,
			);
			defaultConfigurationIsVisible = 0;
			defaultConfigurationName = Release;
		};
/* End XCConfigurationList section */
	};
	rootObject = 50818BB02C52A77B00BE212A /* Project object */;
}
