// !$*UTF8*$!
{
	archiveVersion = 1;
	classes = {
	};
	objectVersion = 56;
	objects = {

/* Begin PBXBuildFile section */
		5002585B2C9972D600B68885 /* RMSearchViewController.swift in Sources */ = {isa = PBXBuildFile; fileRef = 5002585A2C9972D600B68885 /* RMSearchViewController.swift */; };
		501ECF902C5CFF4A000A46ED /* RMCharacterListViewViewModel.swift in Sources */ = {isa = PBXBuildFile; fileRef = 501ECF8F2C5CFF4A000A46ED /* RMCharacterListViewViewModel.swift */; };
		501ECF922C5CFFC0000A46ED /* RMCharacterListView.swift in Sources */ = {isa = PBXBuildFile; fileRef = 501ECF912C5CFFC0000A46ED /* RMCharacterListView.swift */; };
		501ECF942C5D068C000A46ED /* Extensions.swift in Sources */ = {isa = PBXBuildFile; fileRef = 501ECF932C5D068C000A46ED /* Extensions.swift */; };
		5024EC922C6674950034613C /* RMCharacterDetailViewController.swift in Sources */ = {isa = PBXBuildFile; fileRef = 5024EC912C6674950034613C /* RMCharacterDetailViewController.swift */; };
		5024EC942C6675720034613C /* RMCharacterDetailView.swift in Sources */ = {isa = PBXBuildFile; fileRef = 5024EC932C6675720034613C /* RMCharacterDetailView.swift */; };
		5024EC962C6675930034613C /* RMCharacterDetailViewViewModel.swift in Sources */ = {isa = PBXBuildFile; fileRef = 5024EC952C6675930034613C /* RMCharacterDetailViewViewModel.swift */; };
		503346342CA43307001BF086 /* RMLocationDetailViewController.swift in Sources */ = {isa = PBXBuildFile; fileRef = 503346332CA43307001BF086 /* RMLocationDetailViewController.swift */; };
		503346372CA4354C001BF086 /* RMLocationDetailView.swift in Sources */ = {isa = PBXBuildFile; fileRef = 503346362CA4354C001BF086 /* RMLocationDetailView.swift */; };
		50432D592C89B312008B53F2 /* RMCharacterPhotoCollectionViewCell.swift in Sources */ = {isa = PBXBuildFile; fileRef = 50432D582C89B312008B53F2 /* RMCharacterPhotoCollectionViewCell.swift */; };
		50432D5B2C89B32A008B53F2 /* RMCharacterInfoCollectionViewCell.swift in Sources */ = {isa = PBXBuildFile; fileRef = 50432D5A2C89B32A008B53F2 /* RMCharacterInfoCollectionViewCell.swift */; };
		50432D5D2C89B335008B53F2 /* RMCharacterEpisodeCollectionViewCell.swift in Sources */ = {isa = PBXBuildFile; fileRef = 50432D5C2C89B335008B53F2 /* RMCharacterEpisodeCollectionViewCell.swift */; };
		50432D602C89B389008B53F2 /* RMCharacterPhotoCollectionViewCellViewModel.swift in Sources */ = {isa = PBXBuildFile; fileRef = 50432D5F2C89B389008B53F2 /* RMCharacterPhotoCollectionViewCellViewModel.swift */; };
		50432D632C89B39E008B53F2 /* RMCharacterInfoCollectionViewCellViewModel.swift in Sources */ = {isa = PBXBuildFile; fileRef = 50432D622C89B39E008B53F2 /* RMCharacterInfoCollectionViewCellViewModel.swift */; };
		50432D652C89B3AE008B53F2 /* RMCharacterEpisodeCollectionViewCellViewModel.swift in Sources */ = {isa = PBXBuildFile; fileRef = 50432D642C89B3AE008B53F2 /* RMCharacterEpisodeCollectionViewCellViewModel.swift */; };
		504786952CB048160046010C /* RMSearchResultsView.swift in Sources */ = {isa = PBXBuildFile; fileRef = 504786942CB048160046010C /* RMSearchResultsView.swift */; };
		504AAAD32C56963F0056964E /* RMOrigin.swift in Sources */ = {isa = PBXBuildFile; fileRef = 504AAAD22C56963F0056964E /* RMOrigin.swift */; };
		504AAAD52C569ABD0056964E /* RMSingleLocation.swift in Sources */ = {isa = PBXBuildFile; fileRef = 504AAAD42C569ABD0056964E /* RMSingleLocation.swift */; };
		504AAAD72C569B4A0056964E /* RMCharacterStatus.swift in Sources */ = {isa = PBXBuildFile; fileRef = 504AAAD62C569B4A0056964E /* RMCharacterStatus.swift */; };
		504AAAD92C569CF00056964E /* RMCharacterGender.swift in Sources */ = {isa = PBXBuildFile; fileRef = 504AAAD82C569CF00056964E /* RMCharacterGender.swift */; };
		507122FB2CA032C600F4EA4C /* RMSettingsViewViewModel.swift in Sources */ = {isa = PBXBuildFile; fileRef = 507122FA2CA032C600F4EA4C /* RMSettingsViewViewModel.swift */; };
		507122FD2CA032FB00F4EA4C /* RMSettingsCellViewModel.swift in Sources */ = {isa = PBXBuildFile; fileRef = 507122FC2CA032FB00F4EA4C /* RMSettingsCellViewModel.swift */; };
		507122FF2CA0338500F4EA4C /* RMSettingsOption.swift in Sources */ = {isa = PBXBuildFile; fileRef = 507122FE2CA0338500F4EA4C /* RMSettingsOption.swift */; };
		507123022CA0451200F4EA4C /* RMSettingsView.swift in Sources */ = {isa = PBXBuildFile; fileRef = 507123012CA0451200F4EA4C /* RMSettingsView.swift */; };
		507C1B3D2C64F32900EAFE00 /* RMCharacterCollectionViewCell.swift in Sources */ = {isa = PBXBuildFile; fileRef = 507C1B3C2C64F32900EAFE00 /* RMCharacterCollectionViewCell.swift */; };
		507C1B3F2C64F4F700EAFE00 /* RMCharacterCollectionViewCellViewModel.swift in Sources */ = {isa = PBXBuildFile; fileRef = 507C1B3E2C64F4F700EAFE00 /* RMCharacterCollectionViewCellViewModel.swift */; };
		507CDDBE2CA446D700B29859 /* RMSearchView.swift in Sources */ = {isa = PBXBuildFile; fileRef = 507CDDBD2CA446D700B29859 /* RMSearchView.swift */; };
		507CDDC02CA4476600B29859 /* RMSearchViewViewModel.swift in Sources */ = {isa = PBXBuildFile; fileRef = 507CDDBF2CA4476600B29859 /* RMSearchViewViewModel.swift */; };
		507CDDC22CA44F1500B29859 /* RMNoSearchResultsView.swift in Sources */ = {isa = PBXBuildFile; fileRef = 507CDDC12CA44F1500B29859 /* RMNoSearchResultsView.swift */; };
		507CDDC52CA44F8300B29859 /* RMNoSearchResultsViewViewModel.swift in Sources */ = {isa = PBXBuildFile; fileRef = 507CDDC42CA44F8300B29859 /* RMNoSearchResultsViewViewModel.swift */; };
		507CDDC72CA44FC100B29859 /* RMSearchInputView.swift in Sources */ = {isa = PBXBuildFile; fileRef = 507CDDC62CA44FC100B29859 /* RMSearchInputView.swift */; };
		507CDDC92CA44FDE00B29859 /* RMSearchInputViewViewModel.swift in Sources */ = {isa = PBXBuildFile; fileRef = 507CDDC82CA44FDE00B29859 /* RMSearchInputViewViewModel.swift */; };
		50818BBC2C52A77B00BE212A /* AppDelegate.swift in Sources */ = {isa = PBXBuildFile; fileRef = 50818BBB2C52A77B00BE212A /* AppDelegate.swift */; };
		50818BBE2C52A77B00BE212A /* SceneDelegate.swift in Sources */ = {isa = PBXBuildFile; fileRef = 50818BBD2C52A77B00BE212A /* SceneDelegate.swift */; };
		50818BC02C52A77B00BE212A /* RMTabBarController.swift in Sources */ = {isa = PBXBuildFile; fileRef = 50818BBF2C52A77B00BE212A /* RMTabBarController.swift */; };
		50818BC52C52A77C00BE212A /* Assets.xcassets in Resources */ = {isa = PBXBuildFile; fileRef = 50818BC42C52A77C00BE212A /* Assets.xcassets */; };
		50818BC82C52A77C00BE212A /* Base in Resources */ = {isa = PBXBuildFile; fileRef = 50818BC72C52A77C00BE212A /* Base */; };
		50818BD72C52AC4400BE212A /* RMLocation.swift in Sources */ = {isa = PBXBuildFile; fileRef = 50818BD62C52AC4400BE212A /* RMLocation.swift */; };
		50818BD92C52AC5300BE212A /* RMCharacter.swift in Sources */ = {isa = PBXBuildFile; fileRef = 50818BD82C52AC5300BE212A /* RMCharacter.swift */; };
		50818BDB2C52AC5E00BE212A /* RMEpisode.swift in Sources */ = {isa = PBXBuildFile; fileRef = 50818BDA2C52AC5E00BE212A /* RMEpisode.swift */; };
		50818BE02C52AD5E00BE212A /* RMCharacterViewController.swift in Sources */ = {isa = PBXBuildFile; fileRef = 50818BDF2C52AD5E00BE212A /* RMCharacterViewController.swift */; };
		50818BE22C52AD8100BE212A /* RMLocationViewController.swift in Sources */ = {isa = PBXBuildFile; fileRef = 50818BE12C52AD8100BE212A /* RMLocationViewController.swift */; };
		50818BE42C52AD8900BE212A /* RMEpisodeViewController.swift in Sources */ = {isa = PBXBuildFile; fileRef = 50818BE32C52AD8900BE212A /* RMEpisodeViewController.swift */; };
		50818BE62C52ADA200BE212A /* RMSettingsViewController.swift in Sources */ = {isa = PBXBuildFile; fileRef = 50818BE52C52ADA200BE212A /* RMSettingsViewController.swift */; };
		5088B1AC2CAFD2D00042E4A0 /* RMSearchResultViewModel.swift in Sources */ = {isa = PBXBuildFile; fileRef = 5088B1AB2CAFD2D00042E4A0 /* RMSearchResultViewModel.swift */; };
		509C11AB2C9AC3DF001851D4 /* RMEpisodeInfoCollectionViewCell.swift in Sources */ = {isa = PBXBuildFile; fileRef = 509C11AA2C9AC3DF001851D4 /* RMEpisodeInfoCollectionViewCell.swift */; };
		509C11AE2C9AC441001851D4 /* RMEpisodeInfoCollectionViewCellViewModel.swift in Sources */ = {isa = PBXBuildFile; fileRef = 509C11AD2C9AC441001851D4 /* RMEpisodeInfoCollectionViewCellViewModel.swift */; };
		50A2C6532CA3FF2A00B1F6AB /* RMLocationView.swift in Sources */ = {isa = PBXBuildFile; fileRef = 50A2C6522CA3FF2A00B1F6AB /* RMLocationView.swift */; };
		50A2C6552CA406D700B1F6AB /* RMLocationViewViewModel.swift in Sources */ = {isa = PBXBuildFile; fileRef = 50A2C6542CA406D700B1F6AB /* RMLocationViewViewModel.swift */; };
		50A2C6572CA40C5500B1F6AB /* RMGetAllLocationsResponse.swift in Sources */ = {isa = PBXBuildFile; fileRef = 50A2C6562CA40C5500B1F6AB /* RMGetAllLocationsResponse.swift */; };
		50A2C6592CA40EE800B1F6AB /* RMLocationTableViewCell.swift in Sources */ = {isa = PBXBuildFile; fileRef = 50A2C6582CA40EE800B1F6AB /* RMLocationTableViewCell.swift */; };
		50A2C65C2CA4100A00B1F6AB /* RMLocationTableViewCellViewModel.swift in Sources */ = {isa = PBXBuildFile; fileRef = 50A2C65B2CA4100A00B1F6AB /* RMLocationTableViewCellViewModel.swift */; };
		50A3CD352C5649860029CFFC /* RMService.swift in Sources */ = {isa = PBXBuildFile; fileRef = 50A3CD342C5649860029CFFC /* RMService.swift */; };
		50A3CD372C5649940029CFFC /* RMRequest.swift in Sources */ = {isa = PBXBuildFile; fileRef = 50A3CD362C5649940029CFFC /* RMRequest.swift */; };
		50A3CD392C564AC30029CFFC /* RMEndpoint.swift in Sources */ = {isa = PBXBuildFile; fileRef = 50A3CD382C564AC30029CFFC /* RMEndpoint.swift */; };
		50A8CF9F2CB57F3300DF34B3 /* RMTableLoadingFooterView.swift in Sources */ = {isa = PBXBuildFile; fileRef = 50A8CF9E2CB57F3300DF34B3 /* RMTableLoadingFooterView.swift */; };
		50B2F9122C6797D3005E97E3 /* RMFooterLoadingCollectionReusableView.swift in Sources */ = {isa = PBXBuildFile; fileRef = 50B2F9112C6797D3005E97E3 /* RMFooterLoadingCollectionReusableView.swift */; };
		50B832B52C59314B008D960B /*  RMGetAllCharactersResponse.swift in Sources */ = {isa = PBXBuildFile; fileRef = 50B832B42C59314B008D960B /*  RMGetAllCharactersResponse.swift */; };
		50C3C3042CAD40C000304FFB /* RMSearchOptionPickerViewController.swift in Sources */ = {isa = PBXBuildFile; fileRef = 50C3C3032CAD40C000304FFB /* RMSearchOptionPickerViewController.swift */; };
		50C79AF72C97066500405405 /* RMAPICacheManager.swift in Sources */ = {isa = PBXBuildFile; fileRef = 50C79AF62C97066500405405 /* RMAPICacheManager.swift */; };
		50C79AF92C97122B00405405 /* RMEpisodeDetailViewViewModel.swift in Sources */ = {isa = PBXBuildFile; fileRef = 50C79AF82C97122B00405405 /* RMEpisodeDetailViewViewModel.swift */; };
		50C79AFB2C97129100405405 /* RMEpisodeDetailView.swift in Sources */ = {isa = PBXBuildFile; fileRef = 50C79AFA2C97129100405405 /* RMEpisodeDetailView.swift */; };
		50C79AFE2C971D6800405405 /* RMEpisodeListView.swift in Sources */ = {isa = PBXBuildFile; fileRef = 50C79AFD2C971D6800405405 /* RMEpisodeListView.swift */; };
		50C79B002C97209500405405 /* RMEpisodeListViewViewModel.swift in Sources */ = {isa = PBXBuildFile; fileRef = 50C79AFF2C97209500405405 /* RMEpisodeListViewViewModel.swift */; };
		50C79B032C9723B500405405 /* RMGetAllEpisodesResponse.swift in Sources */ = {isa = PBXBuildFile; fileRef = 50C79B022C9723B500405405 /* RMGetAllEpisodesResponse.swift */; };
		50E2A3C42C7A553F00A9EBE5 /* RMImageLoader.swift in Sources */ = {isa = PBXBuildFile; fileRef = 50E2A3C32C7A553F00A9EBE5 /* RMImageLoader.swift */; };
		50E332A72C8F2DBB00FFDDF5 /* RMEpisodeDetailViewController.swift in Sources */ = {isa = PBXBuildFile; fileRef = 50E332A62C8F2DBB00FFDDF5 /* RMEpisodeDetailViewController.swift */; };
		50FDE8692CA4368A007271F0 /* RMLocationDetailViewViewModel.swift in Sources */ = {isa = PBXBuildFile; fileRef = 50FDE8682CA4368A007271F0 /* RMLocationDetailViewViewModel.swift */; };
/* End PBXBuildFile section */

/* Begin PBXFileReference section */
		5002585A2C9972D600B68885 /* RMSearchViewController.swift */ = {isa = PBXFileReference; lastKnownFileType = sourcecode.swift; path = RMSearchViewController.swift; sourceTree = "<group>"; };
		501ECF8F2C5CFF4A000A46ED /* RMCharacterListViewViewModel.swift */ = {isa = PBXFileReference; lastKnownFileType = sourcecode.swift; path = RMCharacterListViewViewModel.swift; sourceTree = "<group>"; };
		501ECF912C5CFFC0000A46ED /* RMCharacterListView.swift */ = {isa = PBXFileReference; lastKnownFileType = sourcecode.swift; path = RMCharacterListView.swift; sourceTree = "<group>"; };
		501ECF932C5D068C000A46ED /* Extensions.swift */ = {isa = PBXFileReference; lastKnownFileType = sourcecode.swift; path = Extensions.swift; sourceTree = "<group>"; };
		5024EC912C6674950034613C /* RMCharacterDetailViewController.swift */ = {isa = PBXFileReference; lastKnownFileType = sourcecode.swift; path = RMCharacterDetailViewController.swift; sourceTree = "<group>"; };
		5024EC932C6675720034613C /* RMCharacterDetailView.swift */ = {isa = PBXFileReference; lastKnownFileType = sourcecode.swift; path = RMCharacterDetailView.swift; sourceTree = "<group>"; };
		5024EC952C6675930034613C /* RMCharacterDetailViewViewModel.swift */ = {isa = PBXFileReference; lastKnownFileType = sourcecode.swift; path = RMCharacterDetailViewViewModel.swift; sourceTree = "<group>"; };
		503346332CA43307001BF086 /* RMLocationDetailViewController.swift */ = {isa = PBXFileReference; lastKnownFileType = sourcecode.swift; path = RMLocationDetailViewController.swift; sourceTree = "<group>"; };
		503346362CA4354C001BF086 /* RMLocationDetailView.swift */ = {isa = PBXFileReference; lastKnownFileType = sourcecode.swift; path = RMLocationDetailView.swift; sourceTree = "<group>"; };
		50432D582C89B312008B53F2 /* RMCharacterPhotoCollectionViewCell.swift */ = {isa = PBXFileReference; lastKnownFileType = sourcecode.swift; path = RMCharacterPhotoCollectionViewCell.swift; sourceTree = "<group>"; };
		50432D5A2C89B32A008B53F2 /* RMCharacterInfoCollectionViewCell.swift */ = {isa = PBXFileReference; lastKnownFileType = sourcecode.swift; path = RMCharacterInfoCollectionViewCell.swift; sourceTree = "<group>"; };
		50432D5C2C89B335008B53F2 /* RMCharacterEpisodeCollectionViewCell.swift */ = {isa = PBXFileReference; lastKnownFileType = sourcecode.swift; path = RMCharacterEpisodeCollectionViewCell.swift; sourceTree = "<group>"; };
		50432D5F2C89B389008B53F2 /* RMCharacterPhotoCollectionViewCellViewModel.swift */ = {isa = PBXFileReference; lastKnownFileType = sourcecode.swift; path = RMCharacterPhotoCollectionViewCellViewModel.swift; sourceTree = "<group>"; };
		50432D622C89B39E008B53F2 /* RMCharacterInfoCollectionViewCellViewModel.swift */ = {isa = PBXFileReference; lastKnownFileType = sourcecode.swift; path = RMCharacterInfoCollectionViewCellViewModel.swift; sourceTree = "<group>"; };
		50432D642C89B3AE008B53F2 /* RMCharacterEpisodeCollectionViewCellViewModel.swift */ = {isa = PBXFileReference; lastKnownFileType = sourcecode.swift; path = RMCharacterEpisodeCollectionViewCellViewModel.swift; sourceTree = "<group>"; };
		504786942CB048160046010C /* RMSearchResultsView.swift */ = {isa = PBXFileReference; lastKnownFileType = sourcecode.swift; path = RMSearchResultsView.swift; sourceTree = "<group>"; };
		504AAAD22C56963F0056964E /* RMOrigin.swift */ = {isa = PBXFileReference; lastKnownFileType = sourcecode.swift; path = RMOrigin.swift; sourceTree = "<group>"; };
		504AAAD42C569ABD0056964E /* RMSingleLocation.swift */ = {isa = PBXFileReference; lastKnownFileType = sourcecode.swift; path = RMSingleLocation.swift; sourceTree = "<group>"; };
		504AAAD62C569B4A0056964E /* RMCharacterStatus.swift */ = {isa = PBXFileReference; lastKnownFileType = sourcecode.swift; path = RMCharacterStatus.swift; sourceTree = "<group>"; };
		504AAAD82C569CF00056964E /* RMCharacterGender.swift */ = {isa = PBXFileReference; lastKnownFileType = sourcecode.swift; path = RMCharacterGender.swift; sourceTree = "<group>"; };
		507122FA2CA032C600F4EA4C /* RMSettingsViewViewModel.swift */ = {isa = PBXFileReference; lastKnownFileType = sourcecode.swift; path = RMSettingsViewViewModel.swift; sourceTree = "<group>"; };
		507122FC2CA032FB00F4EA4C /* RMSettingsCellViewModel.swift */ = {isa = PBXFileReference; lastKnownFileType = sourcecode.swift; path = RMSettingsCellViewModel.swift; sourceTree = "<group>"; };
		507122FE2CA0338500F4EA4C /* RMSettingsOption.swift */ = {isa = PBXFileReference; lastKnownFileType = sourcecode.swift; path = RMSettingsOption.swift; sourceTree = "<group>"; };
		507123012CA0451200F4EA4C /* RMSettingsView.swift */ = {isa = PBXFileReference; lastKnownFileType = sourcecode.swift; path = RMSettingsView.swift; sourceTree = "<group>"; };
		507C1B3C2C64F32900EAFE00 /* RMCharacterCollectionViewCell.swift */ = {isa = PBXFileReference; lastKnownFileType = sourcecode.swift; path = RMCharacterCollectionViewCell.swift; sourceTree = "<group>"; };
		507C1B3E2C64F4F700EAFE00 /* RMCharacterCollectionViewCellViewModel.swift */ = {isa = PBXFileReference; lastKnownFileType = sourcecode.swift; path = RMCharacterCollectionViewCellViewModel.swift; sourceTree = "<group>"; };
		507CDDBD2CA446D700B29859 /* RMSearchView.swift */ = {isa = PBXFileReference; lastKnownFileType = sourcecode.swift; path = RMSearchView.swift; sourceTree = "<group>"; };
		507CDDBF2CA4476600B29859 /* RMSearchViewViewModel.swift */ = {isa = PBXFileReference; lastKnownFileType = sourcecode.swift; path = RMSearchViewViewModel.swift; sourceTree = "<group>"; };
		507CDDC12CA44F1500B29859 /* RMNoSearchResultsView.swift */ = {isa = PBXFileReference; lastKnownFileType = sourcecode.swift; path = RMNoSearchResultsView.swift; sourceTree = "<group>"; };
		507CDDC42CA44F8300B29859 /* RMNoSearchResultsViewViewModel.swift */ = {isa = PBXFileReference; lastKnownFileType = sourcecode.swift; path = RMNoSearchResultsViewViewModel.swift; sourceTree = "<group>"; };
		507CDDC62CA44FC100B29859 /* RMSearchInputView.swift */ = {isa = PBXFileReference; lastKnownFileType = sourcecode.swift; path = RMSearchInputView.swift; sourceTree = "<group>"; };
		507CDDC82CA44FDE00B29859 /* RMSearchInputViewViewModel.swift */ = {isa = PBXFileReference; lastKnownFileType = sourcecode.swift; path = RMSearchInputViewViewModel.swift; sourceTree = "<group>"; };
		50818BB82C52A77B00BE212A /* RickAndMorty.app */ = {isa = PBXFileReference; explicitFileType = wrapper.application; includeInIndex = 0; path = RickAndMorty.app; sourceTree = BUILT_PRODUCTS_DIR; };
		50818BBB2C52A77B00BE212A /* AppDelegate.swift */ = {isa = PBXFileReference; lastKnownFileType = sourcecode.swift; path = AppDelegate.swift; sourceTree = "<group>"; };
		50818BBD2C52A77B00BE212A /* SceneDelegate.swift */ = {isa = PBXFileReference; lastKnownFileType = sourcecode.swift; path = SceneDelegate.swift; sourceTree = "<group>"; };
		50818BBF2C52A77B00BE212A /* RMTabBarController.swift */ = {isa = PBXFileReference; lastKnownFileType = sourcecode.swift; path = RMTabBarController.swift; sourceTree = "<group>"; };
		50818BC42C52A77C00BE212A /* Assets.xcassets */ = {isa = PBXFileReference; lastKnownFileType = folder.assetcatalog; path = Assets.xcassets; sourceTree = "<group>"; };
		50818BC72C52A77C00BE212A /* Base */ = {isa = PBXFileReference; lastKnownFileType = file.storyboard; name = Base; path = Base.lproj/LaunchScreen.storyboard; sourceTree = "<group>"; };
		50818BC92C52A77C00BE212A /* Info.plist */ = {isa = PBXFileReference; lastKnownFileType = text.plist.xml; path = Info.plist; sourceTree = "<group>"; };
		50818BD62C52AC4400BE212A /* RMLocation.swift */ = {isa = PBXFileReference; lastKnownFileType = sourcecode.swift; path = RMLocation.swift; sourceTree = "<group>"; };
		50818BD82C52AC5300BE212A /* RMCharacter.swift */ = {isa = PBXFileReference; lastKnownFileType = sourcecode.swift; path = RMCharacter.swift; sourceTree = "<group>"; };
		50818BDA2C52AC5E00BE212A /* RMEpisode.swift */ = {isa = PBXFileReference; lastKnownFileType = sourcecode.swift; path = RMEpisode.swift; sourceTree = "<group>"; };
		50818BDF2C52AD5E00BE212A /* RMCharacterViewController.swift */ = {isa = PBXFileReference; lastKnownFileType = sourcecode.swift; path = RMCharacterViewController.swift; sourceTree = "<group>"; };
		50818BE12C52AD8100BE212A /* RMLocationViewController.swift */ = {isa = PBXFileReference; lastKnownFileType = sourcecode.swift; path = RMLocationViewController.swift; sourceTree = "<group>"; };
		50818BE32C52AD8900BE212A /* RMEpisodeViewController.swift */ = {isa = PBXFileReference; lastKnownFileType = sourcecode.swift; path = RMEpisodeViewController.swift; sourceTree = "<group>"; };
		50818BE52C52ADA200BE212A /* RMSettingsViewController.swift */ = {isa = PBXFileReference; lastKnownFileType = sourcecode.swift; path = RMSettingsViewController.swift; sourceTree = "<group>"; };
		5088B1AB2CAFD2D00042E4A0 /* RMSearchResultViewModel.swift */ = {isa = PBXFileReference; lastKnownFileType = sourcecode.swift; path = RMSearchResultViewModel.swift; sourceTree = "<group>"; };
		509C11AA2C9AC3DF001851D4 /* RMEpisodeInfoCollectionViewCell.swift */ = {isa = PBXFileReference; lastKnownFileType = sourcecode.swift; path = RMEpisodeInfoCollectionViewCell.swift; sourceTree = "<group>"; };
		509C11AD2C9AC441001851D4 /* RMEpisodeInfoCollectionViewCellViewModel.swift */ = {isa = PBXFileReference; lastKnownFileType = sourcecode.swift; path = RMEpisodeInfoCollectionViewCellViewModel.swift; sourceTree = "<group>"; };
		50A2C6522CA3FF2A00B1F6AB /* RMLocationView.swift */ = {isa = PBXFileReference; lastKnownFileType = sourcecode.swift; path = RMLocationView.swift; sourceTree = "<group>"; };
		50A2C6542CA406D700B1F6AB /* RMLocationViewViewModel.swift */ = {isa = PBXFileReference; lastKnownFileType = sourcecode.swift; path = RMLocationViewViewModel.swift; sourceTree = "<group>"; };
		50A2C6562CA40C5500B1F6AB /* RMGetAllLocationsResponse.swift */ = {isa = PBXFileReference; lastKnownFileType = sourcecode.swift; path = RMGetAllLocationsResponse.swift; sourceTree = "<group>"; };
		50A2C6582CA40EE800B1F6AB /* RMLocationTableViewCell.swift */ = {isa = PBXFileReference; lastKnownFileType = sourcecode.swift; path = RMLocationTableViewCell.swift; sourceTree = "<group>"; };
		50A2C65B2CA4100A00B1F6AB /* RMLocationTableViewCellViewModel.swift */ = {isa = PBXFileReference; lastKnownFileType = sourcecode.swift; path = RMLocationTableViewCellViewModel.swift; sourceTree = "<group>"; };
		50A3CD342C5649860029CFFC /* RMService.swift */ = {isa = PBXFileReference; lastKnownFileType = sourcecode.swift; path = RMService.swift; sourceTree = "<group>"; };
		50A3CD362C5649940029CFFC /* RMRequest.swift */ = {isa = PBXFileReference; lastKnownFileType = sourcecode.swift; path = RMRequest.swift; sourceTree = "<group>"; };
		50A3CD382C564AC30029CFFC /* RMEndpoint.swift */ = {isa = PBXFileReference; lastKnownFileType = sourcecode.swift; path = RMEndpoint.swift; sourceTree = "<group>"; };
		50A8CF9E2CB57F3300DF34B3 /* RMTableLoadingFooterView.swift */ = {isa = PBXFileReference; lastKnownFileType = sourcecode.swift; path = RMTableLoadingFooterView.swift; sourceTree = "<group>"; };
		50B2F9112C6797D3005E97E3 /* RMFooterLoadingCollectionReusableView.swift */ = {isa = PBXFileReference; lastKnownFileType = sourcecode.swift; path = RMFooterLoadingCollectionReusableView.swift; sourceTree = "<group>"; };
		50B832B42C59314B008D960B /*  RMGetAllCharactersResponse.swift */ = {isa = PBXFileReference; lastKnownFileType = sourcecode.swift; path = " RMGetAllCharactersResponse.swift"; sourceTree = "<group>"; };
		50C3C3032CAD40C000304FFB /* RMSearchOptionPickerViewController.swift */ = {isa = PBXFileReference; lastKnownFileType = sourcecode.swift; path = RMSearchOptionPickerViewController.swift; sourceTree = "<group>"; };
		50C79AF62C97066500405405 /* RMAPICacheManager.swift */ = {isa = PBXFileReference; lastKnownFileType = sourcecode.swift; path = RMAPICacheManager.swift; sourceTree = "<group>"; };
		50C79AF82C97122B00405405 /* RMEpisodeDetailViewViewModel.swift */ = {isa = PBXFileReference; lastKnownFileType = sourcecode.swift; name = RMEpisodeDetailViewViewModel.swift; path = RickAndMorty/ViewModels/EpisodeDetail/RMEpisodeDetailViewViewModel.swift; sourceTree = SOURCE_ROOT; };
		50C79AFA2C97129100405405 /* RMEpisodeDetailView.swift */ = {isa = PBXFileReference; lastKnownFileType = sourcecode.swift; path = RMEpisodeDetailView.swift; sourceTree = "<group>"; };
		50C79AFD2C971D6800405405 /* RMEpisodeListView.swift */ = {isa = PBXFileReference; lastKnownFileType = sourcecode.swift; path = RMEpisodeListView.swift; sourceTree = "<group>"; };
		50C79AFF2C97209500405405 /* RMEpisodeListViewViewModel.swift */ = {isa = PBXFileReference; lastKnownFileType = sourcecode.swift; path = RMEpisodeListViewViewModel.swift; sourceTree = "<group>"; };
		50C79B022C9723B500405405 /* RMGetAllEpisodesResponse.swift */ = {isa = PBXFileReference; lastKnownFileType = sourcecode.swift; path = RMGetAllEpisodesResponse.swift; sourceTree = "<group>"; };
		50E2A3C32C7A553F00A9EBE5 /* RMImageLoader.swift */ = {isa = PBXFileReference; lastKnownFileType = sourcecode.swift; path = RMImageLoader.swift; sourceTree = "<group>"; };
		50E332A62C8F2DBB00FFDDF5 /* RMEpisodeDetailViewController.swift */ = {isa = PBXFileReference; lastKnownFileType = sourcecode.swift; path = RMEpisodeDetailViewController.swift; sourceTree = "<group>"; };
		50FDE8682CA4368A007271F0 /* RMLocationDetailViewViewModel.swift */ = {isa = PBXFileReference; lastKnownFileType = sourcecode.swift; path = RMLocationDetailViewViewModel.swift; sourceTree = "<group>"; };
/* End PBXFileReference section */

/* Begin PBXFrameworksBuildPhase section */
		50818BB52C52A77B00BE212A /* Frameworks */ = {
			isa = PBXFrameworksBuildPhase;
			buildActionMask = 2147483647;
			files = (
			);
			runOnlyForDeploymentPostprocessing = 0;
		};
/* End PBXFrameworksBuildPhase section */

/* Begin PBXGroup section */
		5024EC902C6674760034613C /* Other */ = {
			isa = PBXGroup;
			children = (
				50C3C3052CAD41A000304FFB /* Search */,
				5024EC912C6674950034613C /* RMCharacterDetailViewController.swift */,
				50E332A62C8F2DBB00FFDDF5 /* RMEpisodeDetailViewController.swift */,
				503346332CA43307001BF086 /* RMLocationDetailViewController.swift */,
			);
			path = Other;
			sourceTree = "<group>";
		};
		503346352CA43532001BF086 /* LocationDetails */ = {
			isa = PBXGroup;
			children = (
				503346362CA4354C001BF086 /* RMLocationDetailView.swift */,
			);
			path = LocationDetails;
			sourceTree = "<group>";
		};
		50432D562C89B2A7008B53F2 /* CharacterDetails */ = {
			isa = PBXGroup;
			children = (
				5024EC932C6675720034613C /* RMCharacterDetailView.swift */,
				50432D582C89B312008B53F2 /* RMCharacterPhotoCollectionViewCell.swift */,
				50432D5A2C89B32A008B53F2 /* RMCharacterInfoCollectionViewCell.swift */,
				50432D5C2C89B335008B53F2 /* RMCharacterEpisodeCollectionViewCell.swift */,
			);
			path = CharacterDetails;
			sourceTree = "<group>";
		};
		50432D572C89B2E2008B53F2 /* Character */ = {
			isa = PBXGroup;
			children = (
				501ECF912C5CFFC0000A46ED /* RMCharacterListView.swift */,
				507C1B3C2C64F32900EAFE00 /* RMCharacterCollectionViewCell.swift */,
			);
			path = Character;
			sourceTree = "<group>";
		};
		50432D5E2C89B36B008B53F2 /* CharacterDetail */ = {
			isa = PBXGroup;
			children = (
				5024EC952C6675930034613C /* RMCharacterDetailViewViewModel.swift */,
				50432D5F2C89B389008B53F2 /* RMCharacterPhotoCollectionViewCellViewModel.swift */,
				50432D622C89B39E008B53F2 /* RMCharacterInfoCollectionViewCellViewModel.swift */,
				50432D642C89B3AE008B53F2 /* RMCharacterEpisodeCollectionViewCellViewModel.swift */,
			);
			path = CharacterDetail;
			sourceTree = "<group>";
		};
		507122F92CA032AE00F4EA4C /* Settings */ = {
			isa = PBXGroup;
			children = (
				507122FA2CA032C600F4EA4C /* RMSettingsViewViewModel.swift */,
				507122FC2CA032FB00F4EA4C /* RMSettingsCellViewModel.swift */,
				507122FE2CA0338500F4EA4C /* RMSettingsOption.swift */,
			);
			path = Settings;
			sourceTree = "<group>";
		};
		507123002CA044FA00F4EA4C /* SwiftUI */ = {
			isa = PBXGroup;
			children = (
				507123012CA0451200F4EA4C /* RMSettingsView.swift */,
			);
			path = SwiftUI;
			sourceTree = "<group>";
		};
		507CDDBC2CA446BE00B29859 /* Search */ = {
			isa = PBXGroup;
			children = (
				507CDDBD2CA446D700B29859 /* RMSearchView.swift */,
				507CDDC12CA44F1500B29859 /* RMNoSearchResultsView.swift */,
				507CDDC62CA44FC100B29859 /* RMSearchInputView.swift */,
				504786942CB048160046010C /* RMSearchResultsView.swift */,
			);
			path = Search;
			sourceTree = "<group>";
		};
		507CDDC32CA44F3200B29859 /* Search */ = {
			isa = PBXGroup;
			children = (
				507CDDBF2CA4476600B29859 /* RMSearchViewViewModel.swift */,
				507CDDC42CA44F8300B29859 /* RMNoSearchResultsViewViewModel.swift */,
				507CDDC82CA44FDE00B29859 /* RMSearchInputViewViewModel.swift */,
				5088B1AB2CAFD2D00042E4A0 /* RMSearchResultViewModel.swift */,
			);
			path = Search;
			sourceTree = "<group>";
		};
		50818BAF2C52A77B00BE212A = {
			isa = PBXGroup;
			children = (
				50818BBA2C52A77B00BE212A /* RickAndMorty */,
				50818BB92C52A77B00BE212A /* Products */,
			);
			sourceTree = "<group>";
		};
		50818BB92C52A77B00BE212A /* Products */ = {
			isa = PBXGroup;
			children = (
				50818BB82C52A77B00BE212A /* RickAndMorty.app */,
			);
			name = Products;
			sourceTree = "<group>";
		};
		50818BBA2C52A77B00BE212A /* RickAndMorty */ = {
			isa = PBXGroup;
			children = (
				50818BCF2C52AB5600BE212A /* Resources */,
				50818BD02C52ABB200BE212A /* Managers */,
				50818BD12C52ABC900BE212A /* APIClient */,
				50818BD22C52ABDE00BE212A /* ViewModels */,
				50818BD32C52ABE900BE212A /* Views */,
				50818BD42C52ABF000BE212A /* Models */,
				50818BD52C52ABFB00BE212A /* Controllers */,
				50818BC92C52A77C00BE212A /* Info.plist */,
			);
			path = RickAndMorty;
			sourceTree = "<group>";
		};
		50818BCF2C52AB5600BE212A /* Resources */ = {
			isa = PBXGroup;
			children = (
				50818BBB2C52A77B00BE212A /* AppDelegate.swift */,
				50818BBD2C52A77B00BE212A /* SceneDelegate.swift */,
				50818BC42C52A77C00BE212A /* Assets.xcassets */,
				50818BC62C52A77C00BE212A /* LaunchScreen.storyboard */,
				501ECF932C5D068C000A46ED /* Extensions.swift */,
			);
			path = Resources;
			sourceTree = "<group>";
		};
		50818BD02C52ABB200BE212A /* Managers */ = {
			isa = PBXGroup;
			children = (
				50E2A3C32C7A553F00A9EBE5 /* RMImageLoader.swift */,
				50C79AF62C97066500405405 /* RMAPICacheManager.swift */,
			);
			path = Managers;
			sourceTree = "<group>";
		};
		50818BD12C52ABC900BE212A /* APIClient */ = {
			isa = PBXGroup;
			children = (
				50A3CD342C5649860029CFFC /* RMService.swift */,
				50A3CD362C5649940029CFFC /* RMRequest.swift */,
				50A3CD382C564AC30029CFFC /* RMEndpoint.swift */,
			);
			path = APIClient;
			sourceTree = "<group>";
		};
		50818BD22C52ABDE00BE212A /* ViewModels */ = {
			isa = PBXGroup;
			children = (
				507CDDC32CA44F3200B29859 /* Search */,
				50A2C65A2CA40FC300B1F6AB /* Location */,
				507122F92CA032AE00F4EA4C /* Settings */,
				509C11AC2C9AC409001851D4 /* EpisodeDetail */,
				50432D5E2C89B36B008B53F2 /* CharacterDetail */,
				501ECF8F2C5CFF4A000A46ED /* RMCharacterListViewViewModel.swift */,
				507C1B3E2C64F4F700EAFE00 /* RMCharacterCollectionViewCellViewModel.swift */,
			);
			path = ViewModels;
			sourceTree = "<group>";
		};
		50818BD32C52ABE900BE212A /* Views */ = {
			isa = PBXGroup;
			children = (
				507CDDBC2CA446BE00B29859 /* Search */,
				503346352CA43532001BF086 /* LocationDetails */,
				50A2C6512CA3FF0A00B1F6AB /* Location */,
				507123002CA044FA00F4EA4C /* SwiftUI */,
				509C11A92C9AC3A2001851D4 /* EpisodeDetails */,
				50C79AFC2C971D4400405405 /* Episode */,
				50432D562C89B2A7008B53F2 /* CharacterDetails */,
				50432D572C89B2E2008B53F2 /* Character */,
				50B2F9112C6797D3005E97E3 /* RMFooterLoadingCollectionReusableView.swift */,
			);
			path = Views;
			sourceTree = "<group>";
		};
		50818BD42C52ABF000BE212A /* Models */ = {
			isa = PBXGroup;
			children = (
				50C79B012C97234600405405 /* APIResponseTypes */,
				50B832B42C59314B008D960B /*  RMGetAllCharactersResponse.swift */,
				50C79B022C9723B500405405 /* RMGetAllEpisodesResponse.swift */,
				50A2C6562CA40C5500B1F6AB /* RMGetAllLocationsResponse.swift */,
			);
			path = Models;
			sourceTree = "<group>";
		};
		50818BD52C52ABFB00BE212A /* Controllers */ = {
			isa = PBXGroup;
			children = (
				5024EC902C6674760034613C /* Other */,
				50818BDC2C52AC9A00BE212A /* Core */,
			);
			path = Controllers;
			sourceTree = "<group>";
		};
		50818BDC2C52AC9A00BE212A /* Core */ = {
			isa = PBXGroup;
			children = (
				50818BBF2C52A77B00BE212A /* RMTabBarController.swift */,
				50818BDF2C52AD5E00BE212A /* RMCharacterViewController.swift */,
				50818BE12C52AD8100BE212A /* RMLocationViewController.swift */,
				50818BE32C52AD8900BE212A /* RMEpisodeViewController.swift */,
				50818BE52C52ADA200BE212A /* RMSettingsViewController.swift */,
			);
			path = Core;
			sourceTree = "<group>";
		};
		509C11A92C9AC3A2001851D4 /* EpisodeDetails */ = {
			isa = PBXGroup;
			children = (
				50C79AFA2C97129100405405 /* RMEpisodeDetailView.swift */,
				509C11AA2C9AC3DF001851D4 /* RMEpisodeInfoCollectionViewCell.swift */,
			);
			path = EpisodeDetails;
			sourceTree = "<group>";
		};
		509C11AC2C9AC409001851D4 /* EpisodeDetail */ = {
			isa = PBXGroup;
			children = (
				50C79AF82C97122B00405405 /* RMEpisodeDetailViewViewModel.swift */,
				50C79AFF2C97209500405405 /* RMEpisodeListViewViewModel.swift */,
				509C11AD2C9AC441001851D4 /* RMEpisodeInfoCollectionViewCellViewModel.swift */,
			);
			path = EpisodeDetail;
			sourceTree = "<group>";
		};
		50A2C6512CA3FF0A00B1F6AB /* Location */ = {
			isa = PBXGroup;
			children = (
				50A2C6522CA3FF2A00B1F6AB /* RMLocationView.swift */,
				50A2C6582CA40EE800B1F6AB /* RMLocationTableViewCell.swift */,
				50A8CF9E2CB57F3300DF34B3 /* RMTableLoadingFooterView.swift */,
			);
			path = Location;
			sourceTree = "<group>";
		};
		50A2C65A2CA40FC300B1F6AB /* Location */ = {
			isa = PBXGroup;
			children = (
				50A2C6542CA406D700B1F6AB /* RMLocationViewViewModel.swift */,
				50A2C65B2CA4100A00B1F6AB /* RMLocationTableViewCellViewModel.swift */,
				50FDE8682CA4368A007271F0 /* RMLocationDetailViewViewModel.swift */,
			);
			path = Location;
			sourceTree = "<group>";
		};
		50C3C3052CAD41A000304FFB /* Search */ = {
			isa = PBXGroup;
			children = (
				5002585A2C9972D600B68885 /* RMSearchViewController.swift */,
				50C3C3032CAD40C000304FFB /* RMSearchOptionPickerViewController.swift */,
			);
			path = Search;
			sourceTree = "<group>";
		};
		50C79AFC2C971D4400405405 /* Episode */ = {
			isa = PBXGroup;
			children = (
				50C79AFD2C971D6800405405 /* RMEpisodeListView.swift */,
			);
			path = Episode;
			sourceTree = "<group>";
		};
		50C79B012C97234600405405 /* APIResponseTypes */ = {
			isa = PBXGroup;
			children = (
				50818BD62C52AC4400BE212A /* RMLocation.swift */,
				50818BD82C52AC5300BE212A /* RMCharacter.swift */,
				50818BDA2C52AC5E00BE212A /* RMEpisode.swift */,
				504AAAD22C56963F0056964E /* RMOrigin.swift */,
				504AAAD42C569ABD0056964E /* RMSingleLocation.swift */,
				504AAAD62C569B4A0056964E /* RMCharacterStatus.swift */,
				504AAAD82C569CF00056964E /* RMCharacterGender.swift */,
			);
			path = APIResponseTypes;
			sourceTree = "<group>";
		};
/* End PBXGroup section */

/* Begin PBXNativeTarget section */
		50818BB72C52A77B00BE212A /* RickAndMorty */ = {
			isa = PBXNativeTarget;
			buildConfigurationList = 50818BCC2C52A77C00BE212A /* Build configuration list for PBXNativeTarget "RickAndMorty" */;
			buildPhases = (
				50818BB42C52A77B00BE212A /* Sources */,
				50818BB52C52A77B00BE212A /* Frameworks */,
				50818BB62C52A77B00BE212A /* Resources */,
			);
			buildRules = (
			);
			dependencies = (
			);
			name = RickAndMorty;
			productName = RickAndMorty;
			productReference = 50818BB82C52A77B00BE212A /* RickAndMorty.app */;
			productType = "com.apple.product-type.application";
		};
/* End PBXNativeTarget section */

/* Begin PBXProject section */
		50818BB02C52A77B00BE212A /* Project object */ = {
			isa = PBXProject;
			attributes = {
				BuildIndependentTargetsInParallel = 1;
				LastSwiftUpdateCheck = 1540;
				LastUpgradeCheck = 1540;
				TargetAttributes = {
					50818BB72C52A77B00BE212A = {
						CreatedOnToolsVersion = 15.4;
					};
				};
			};
			buildConfigurationList = 50818BB32C52A77B00BE212A /* Build configuration list for PBXProject "RickAndMorty" */;
			compatibilityVersion = "Xcode 14.0";
			developmentRegion = en;
			hasScannedForEncodings = 0;
			knownRegions = (
				en,
				Base,
			);
			mainGroup = 50818BAF2C52A77B00BE212A;
			productRefGroup = 50818BB92C52A77B00BE212A /* Products */;
			projectDirPath = "";
			projectRoot = "";
			targets = (
				50818BB72C52A77B00BE212A /* RickAndMorty */,
			);
		};
/* End PBXProject section */

/* Begin PBXResourcesBuildPhase section */
		50818BB62C52A77B00BE212A /* Resources */ = {
			isa = PBXResourcesBuildPhase;
			buildActionMask = 2147483647;
			files = (
				50818BC52C52A77C00BE212A /* Assets.xcassets in Resources */,
				50818BC82C52A77C00BE212A /* Base in Resources */,
			);
			runOnlyForDeploymentPostprocessing = 0;
		};
/* End PBXResourcesBuildPhase section */

/* Begin PBXSourcesBuildPhase section */
		50818BB42C52A77B00BE212A /* Sources */ = {
			isa = PBXSourcesBuildPhase;
			buildActionMask = 2147483647;
			files = (
				504AAAD32C56963F0056964E /* RMOrigin.swift in Sources */,
				5024EC962C6675930034613C /* RMCharacterDetailViewViewModel.swift in Sources */,
				504AAAD52C569ABD0056964E /* RMSingleLocation.swift in Sources */,
				5002585B2C9972D600B68885 /* RMSearchViewController.swift in Sources */,
				507CDDC02CA4476600B29859 /* RMSearchViewViewModel.swift in Sources */,
				5088B1AC2CAFD2D00042E4A0 /* RMSearchResultViewModel.swift in Sources */,
				501ECF922C5CFFC0000A46ED /* RMCharacterListView.swift in Sources */,
				507CDDC52CA44F8300B29859 /* RMNoSearchResultsViewViewModel.swift in Sources */,
				504AAAD72C569B4A0056964E /* RMCharacterStatus.swift in Sources */,
				504786952CB048160046010C /* RMSearchResultsView.swift in Sources */,
				504AAAD92C569CF00056964E /* RMCharacterGender.swift in Sources */,
				50818BE22C52AD8100BE212A /* RMLocationViewController.swift in Sources */,
				50FDE8692CA4368A007271F0 /* RMLocationDetailViewViewModel.swift in Sources */,
				5024EC922C6674950034613C /* RMCharacterDetailViewController.swift in Sources */,
				507CDDC22CA44F1500B29859 /* RMNoSearchResultsView.swift in Sources */,
				50B2F9122C6797D3005E97E3 /* RMFooterLoadingCollectionReusableView.swift in Sources */,
				50A8CF9F2CB57F3300DF34B3 /* RMTableLoadingFooterView.swift in Sources */,
				50C79AFE2C971D6800405405 /* RMEpisodeListView.swift in Sources */,
				50818BDB2C52AC5E00BE212A /* RMEpisode.swift in Sources */,
				50818BC02C52A77B00BE212A /* RMTabBarController.swift in Sources */,
				50432D5B2C89B32A008B53F2 /* RMCharacterInfoCollectionViewCell.swift in Sources */,
				507122FB2CA032C600F4EA4C /* RMSettingsViewViewModel.swift in Sources */,
				50A2C6592CA40EE800B1F6AB /* RMLocationTableViewCell.swift in Sources */,
				50818BE42C52AD8900BE212A /* RMEpisodeViewController.swift in Sources */,
				50A2C6532CA3FF2A00B1F6AB /* RMLocationView.swift in Sources */,
				503346342CA43307001BF086 /* RMLocationDetailViewController.swift in Sources */,
				507C1B3D2C64F32900EAFE00 /* RMCharacterCollectionViewCell.swift in Sources */,
				507CDDC92CA44FDE00B29859 /* RMSearchInputViewViewModel.swift in Sources */,
				50432D632C89B39E008B53F2 /* RMCharacterInfoCollectionViewCellViewModel.swift in Sources */,
				507122FF2CA0338500F4EA4C /* RMSettingsOption.swift in Sources */,
				50818BBC2C52A77B00BE212A /* AppDelegate.swift in Sources */,
				50E2A3C42C7A553F00A9EBE5 /* RMImageLoader.swift in Sources */,
				509C11AB2C9AC3DF001851D4 /* RMEpisodeInfoCollectionViewCell.swift in Sources */,
				50818BBE2C52A77B00BE212A /* SceneDelegate.swift in Sources */,
				501ECF902C5CFF4A000A46ED /* RMCharacterListViewViewModel.swift in Sources */,
				50432D592C89B312008B53F2 /* RMCharacterPhotoCollectionViewCell.swift in Sources */,
				507122FD2CA032FB00F4EA4C /* RMSettingsCellViewModel.swift in Sources */,
				507123022CA0451200F4EA4C /* RMSettingsView.swift in Sources */,
				507CDDBE2CA446D700B29859 /* RMSearchView.swift in Sources */,
				50432D652C89B3AE008B53F2 /* RMCharacterEpisodeCollectionViewCellViewModel.swift in Sources */,
				50818BE62C52ADA200BE212A /* RMSettingsViewController.swift in Sources */,
				507CDDC72CA44FC100B29859 /* RMSearchInputView.swift in Sources */,
				501ECF942C5D068C000A46ED /* Extensions.swift in Sources */,
				50A2C6572CA40C5500B1F6AB /* RMGetAllLocationsResponse.swift in Sources */,
				50432D602C89B389008B53F2 /* RMCharacterPhotoCollectionViewCellViewModel.swift in Sources */,
				50A3CD352C5649860029CFFC /* RMService.swift in Sources */,
				50818BD72C52AC4400BE212A /* RMLocation.swift in Sources */,
				50B832B52C59314B008D960B /*  RMGetAllCharactersResponse.swift in Sources */,
				503346372CA4354C001BF086 /* RMLocationDetailView.swift in Sources */,
				50C3C3042CAD40C000304FFB /* RMSearchOptionPickerViewController.swift in Sources */,
				50A2C65C2CA4100A00B1F6AB /* RMLocationTableViewCellViewModel.swift in Sources */,
				50E332A72C8F2DBB00FFDDF5 /* RMEpisodeDetailViewController.swift in Sources */,
				50C79AFB2C97129100405405 /* RMEpisodeDetailView.swift in Sources */,
				50A3CD392C564AC30029CFFC /* RMEndpoint.swift in Sources */,
				507C1B3F2C64F4F700EAFE00 /* RMCharacterCollectionViewCellViewModel.swift in Sources */,
				50818BD92C52AC5300BE212A /* RMCharacter.swift in Sources */,
				50A3CD372C5649940029CFFC /* RMRequest.swift in Sources */,
				50432D5D2C89B335008B53F2 /* RMCharacterEpisodeCollectionViewCell.swift in Sources */,
				50818BE02C52AD5E00BE212A /* RMCharacterViewController.swift in Sources */,
				50C79B002C97209500405405 /* RMEpisodeListViewViewModel.swift in Sources */,
				50C79AF72C97066500405405 /* RMAPICacheManager.swift in Sources */,
				509C11AE2C9AC441001851D4 /* RMEpisodeInfoCollectionViewCellViewModel.swift in Sources */,
				50C79B032C9723B500405405 /* RMGetAllEpisodesResponse.swift in Sources */,
				50C79AF92C97122B00405405 /* RMEpisodeDetailViewViewModel.swift in Sources */,
				5024EC942C6675720034613C /* RMCharacterDetailView.swift in Sources */,
				50A2C6552CA406D700B1F6AB /* RMLocationViewViewModel.swift in Sources */,
			);
			runOnlyForDeploymentPostprocessing = 0;
		};
/* End PBXSourcesBuildPhase section */

/* Begin PBXVariantGroup section */
		50818BC62C52A77C00BE212A /* LaunchScreen.storyboard */ = {
			isa = PBXVariantGroup;
			children = (
				50818BC72C52A77C00BE212A /* Base */,
			);
			name = LaunchScreen.storyboard;
			sourceTree = "<group>";
		};
/* End PBXVariantGroup section */

/* Begin XCBuildConfiguration section */
		50818BCA2C52A77C00BE212A /* Debug */ = {
			isa = XCBuildConfiguration;
			buildSettings = {
				ALWAYS_SEARCH_USER_PATHS = NO;
				ASSETCATALOG_COMPILER_GENERATE_SWIFT_ASSET_SYMBOL_EXTENSIONS = YES;
				CLANG_ANALYZER_NONNULL = YES;
				CLANG_ANALYZER_NUMBER_OBJECT_CONVERSION = YES_AGGRESSIVE;
				CLANG_CXX_LANGUAGE_STANDARD = "gnu++20";
				CLANG_ENABLE_MODULES = YES;
				CLANG_ENABLE_OBJC_ARC = YES;
				CLANG_ENABLE_OBJC_WEAK = YES;
				CLANG_WARN_BLOCK_CAPTURE_AUTORELEASING = YES;
				CLANG_WARN_BOOL_CONVERSION = YES;
				CLANG_WARN_COMMA = YES;
				CLANG_WARN_CONSTANT_CONVERSION = YES;
				CLANG_WARN_DEPRECATED_OBJC_IMPLEMENTATIONS = YES;
				CLANG_WARN_DIRECT_OBJC_ISA_USAGE = YES_ERROR;
				CLANG_WARN_DOCUMENTATION_COMMENTS = YES;
				CLANG_WARN_EMPTY_BODY = YES;
				CLANG_WARN_ENUM_CONVERSION = YES;
				CLANG_WARN_INFINITE_RECURSION = YES;
				CLANG_WARN_INT_CONVERSION = YES;
				CLANG_WARN_NON_LITERAL_NULL_CONVERSION = YES;
				CLANG_WARN_OBJC_IMPLICIT_RETAIN_SELF = YES;
				CLANG_WARN_OBJC_LITERAL_CONVERSION = YES;
				CLANG_WARN_OBJC_ROOT_CLASS = YES_ERROR;
				CLANG_WARN_QUOTED_INCLUDE_IN_FRAMEWORK_HEADER = YES;
				CLANG_WARN_RANGE_LOOP_ANALYSIS = YES;
				CLANG_WARN_STRICT_PROTOTYPES = YES;
				CLANG_WARN_SUSPICIOUS_MOVE = YES;
				CLANG_WARN_UNGUARDED_AVAILABILITY = YES_AGGRESSIVE;
				CLANG_WARN_UNREACHABLE_CODE = YES;
				CLANG_WARN__DUPLICATE_METHOD_MATCH = YES;
				COPY_PHASE_STRIP = NO;
				DEBUG_INFORMATION_FORMAT = dwarf;
				ENABLE_STRICT_OBJC_MSGSEND = YES;
				ENABLE_TESTABILITY = YES;
				ENABLE_USER_SCRIPT_SANDBOXING = YES;
				GCC_C_LANGUAGE_STANDARD = gnu17;
				GCC_DYNAMIC_NO_PIC = NO;
				GCC_NO_COMMON_BLOCKS = YES;
				GCC_OPTIMIZATION_LEVEL = 0;
				GCC_PREPROCESSOR_DEFINITIONS = (
					"DEBUG=1",
					"$(inherited)",
				);
				GCC_WARN_64_TO_32_BIT_CONVERSION = YES;
				GCC_WARN_ABOUT_RETURN_TYPE = YES_ERROR;
				GCC_WARN_UNDECLARED_SELECTOR = YES;
				GCC_WARN_UNINITIALIZED_AUTOS = YES_AGGRESSIVE;
				GCC_WARN_UNUSED_FUNCTION = YES;
				GCC_WARN_UNUSED_VARIABLE = YES;
				IPHONEOS_DEPLOYMENT_TARGET = 17.5;
				LOCALIZATION_PREFERS_STRING_CATALOGS = YES;
				MTL_ENABLE_DEBUG_INFO = INCLUDE_SOURCE;
				MTL_FAST_MATH = YES;
				ONLY_ACTIVE_ARCH = YES;
				SDKROOT = iphoneos;
				SWIFT_ACTIVE_COMPILATION_CONDITIONS = "DEBUG $(inherited)";
				SWIFT_OPTIMIZATION_LEVEL = "-Onone";
			};
			name = Debug;
		};
		50818BCB2C52A77C00BE212A /* Release */ = {
			isa = XCBuildConfiguration;
			buildSettings = {
				ALWAYS_SEARCH_USER_PATHS = NO;
				ASSETCATALOG_COMPILER_GENERATE_SWIFT_ASSET_SYMBOL_EXTENSIONS = YES;
				CLANG_ANALYZER_NONNULL = YES;
				CLANG_ANALYZER_NUMBER_OBJECT_CONVERSION = YES_AGGRESSIVE;
				CLANG_CXX_LANGUAGE_STANDARD = "gnu++20";
				CLANG_ENABLE_MODULES = YES;
				CLANG_ENABLE_OBJC_ARC = YES;
				CLANG_ENABLE_OBJC_WEAK = YES;
				CLANG_WARN_BLOCK_CAPTURE_AUTORELEASING = YES;
				CLANG_WARN_BOOL_CONVERSION = YES;
				CLANG_WARN_COMMA = YES;
				CLANG_WARN_CONSTANT_CONVERSION = YES;
				CLANG_WARN_DEPRECATED_OBJC_IMPLEMENTATIONS = YES;
				CLANG_WARN_DIRECT_OBJC_ISA_USAGE = YES_ERROR;
				CLANG_WARN_DOCUMENTATION_COMMENTS = YES;
				CLANG_WARN_EMPTY_BODY = YES;
				CLANG_WARN_ENUM_CONVERSION = YES;
				CLANG_WARN_INFINITE_RECURSION = YES;
				CLANG_WARN_INT_CONVERSION = YES;
				CLANG_WARN_NON_LITERAL_NULL_CONVERSION = YES;
				CLANG_WARN_OBJC_IMPLICIT_RETAIN_SELF = YES;
				CLANG_WARN_OBJC_LITERAL_CONVERSION = YES;
				CLANG_WARN_OBJC_ROOT_CLASS = YES_ERROR;
				CLANG_WARN_QUOTED_INCLUDE_IN_FRAMEWORK_HEADER = YES;
				CLANG_WARN_RANGE_LOOP_ANALYSIS = YES;
				CLANG_WARN_STRICT_PROTOTYPES = YES;
				CLANG_WARN_SUSPICIOUS_MOVE = YES;
				CLANG_WARN_UNGUARDED_AVAILABILITY = YES_AGGRESSIVE;
				CLANG_WARN_UNREACHABLE_CODE = YES;
				CLANG_WARN__DUPLICATE_METHOD_MATCH = YES;
				COPY_PHASE_STRIP = NO;
				DEBUG_INFORMATION_FORMAT = "dwarf-with-dsym";
				ENABLE_NS_ASSERTIONS = NO;
				ENABLE_STRICT_OBJC_MSGSEND = YES;
				ENABLE_USER_SCRIPT_SANDBOXING = YES;
				GCC_C_LANGUAGE_STANDARD = gnu17;
				GCC_NO_COMMON_BLOCKS = YES;
				GCC_WARN_64_TO_32_BIT_CONVERSION = YES;
				GCC_WARN_ABOUT_RETURN_TYPE = YES_ERROR;
				GCC_WARN_UNDECLARED_SELECTOR = YES;
				GCC_WARN_UNINITIALIZED_AUTOS = YES_AGGRESSIVE;
				GCC_WARN_UNUSED_FUNCTION = YES;
				GCC_WARN_UNUSED_VARIABLE = YES;
				IPHONEOS_DEPLOYMENT_TARGET = 17.5;
				LOCALIZATION_PREFERS_STRING_CATALOGS = YES;
				MTL_ENABLE_DEBUG_INFO = NO;
				MTL_FAST_MATH = YES;
				SDKROOT = iphoneos;
				SWIFT_COMPILATION_MODE = wholemodule;
				VALIDATE_PRODUCT = YES;
			};
			name = Release;
		};
		50818BCD2C52A77C00BE212A /* Debug */ = {
			isa = XCBuildConfiguration;
			buildSettings = {
				ASSETCATALOG_COMPILER_APPICON_NAME = AppIcon;
				ASSETCATALOG_COMPILER_GLOBAL_ACCENT_COLOR_NAME = AccentColor;
				CODE_SIGN_STYLE = Automatic;
				CURRENT_PROJECT_VERSION = 1;
				DEVELOPMENT_TEAM = 96CFCGZ8M8;
				GENERATE_INFOPLIST_FILE = YES;
				INFOPLIST_FILE = RickAndMorty/Info.plist;
				INFOPLIST_KEY_CFBundleDisplayName = "Rick & Morty";
				INFOPLIST_KEY_LSApplicationCategoryType = "public.app-category.education";
				INFOPLIST_KEY_UIApplicationSupportsIndirectInputEvents = YES;
				INFOPLIST_KEY_UILaunchStoryboardName = LaunchScreen;
				INFOPLIST_KEY_UISupportedInterfaceOrientations_iPad = "UIInterfaceOrientationPortrait UIInterfaceOrientationPortraitUpsideDown UIInterfaceOrientationLandscapeLeft UIInterfaceOrientationLandscapeRight";
				INFOPLIST_KEY_UISupportedInterfaceOrientations_iPhone = "UIInterfaceOrientationPortrait UIInterfaceOrientationLandscapeLeft UIInterfaceOrientationLandscapeRight";
				IPHONEOS_DEPLOYMENT_TARGET = 15.6;
				LD_RUNPATH_SEARCH_PATHS = (
					"$(inherited)",
					"@executable_path/Frameworks",
				);
				MARKETING_VERSION = 1.0;
				PRODUCT_BUNDLE_IDENTIFIER = com.mehmetemincetin.RickAndMorty;
				PRODUCT_NAME = "$(TARGET_NAME)";
				SWIFT_EMIT_LOC_STRINGS = YES;
				SWIFT_VERSION = 5.0;
				TARGETED_DEVICE_FAMILY = "1,2";
			};
			name = Debug;
		};
		50818BCE2C52A77C00BE212A /* Release */ = {
			isa = XCBuildConfiguration;
			buildSettings = {
				ASSETCATALOG_COMPILER_APPICON_NAME = AppIcon;
				ASSETCATALOG_COMPILER_GLOBAL_ACCENT_COLOR_NAME = AccentColor;
				CODE_SIGN_STYLE = Automatic;
				CURRENT_PROJECT_VERSION = 1;
				DEVELOPMENT_TEAM = 96CFCGZ8M8;
				GENERATE_INFOPLIST_FILE = YES;
				INFOPLIST_FILE = RickAndMorty/Info.plist;
				INFOPLIST_KEY_CFBundleDisplayName = "Rick & Morty";
				INFOPLIST_KEY_LSApplicationCategoryType = "public.app-category.education";
				INFOPLIST_KEY_UIApplicationSupportsIndirectInputEvents = YES;
				INFOPLIST_KEY_UILaunchStoryboardName = LaunchScreen;
				INFOPLIST_KEY_UISupportedInterfaceOrientations_iPad = "UIInterfaceOrientationPortrait UIInterfaceOrientationPortraitUpsideDown UIInterfaceOrientationLandscapeLeft UIInterfaceOrientationLandscapeRight";
				INFOPLIST_KEY_UISupportedInterfaceOrientations_iPhone = "UIInterfaceOrientationPortrait UIInterfaceOrientationLandscapeLeft UIInterfaceOrientationLandscapeRight";
				IPHONEOS_DEPLOYMENT_TARGET = 15.6;
				LD_RUNPATH_SEARCH_PATHS = (
					"$(inherited)",
					"@executable_path/Frameworks",
				);
				MARKETING_VERSION = 1.0;
				PRODUCT_BUNDLE_IDENTIFIER = com.mehmetemincetin.RickAndMorty;
				PRODUCT_NAME = "$(TARGET_NAME)";
				SWIFT_EMIT_LOC_STRINGS = YES;
				SWIFT_VERSION = 5.0;
				TARGETED_DEVICE_FAMILY = "1,2";
			};
			name = Release;
		};
/* End XCBuildConfiguration section */

/* Begin XCConfigurationList section */
		50818BB32C52A77B00BE212A /* Build configuration list for PBXProject "RickAndMorty" */ = {
			isa = XCConfigurationList;
			buildConfigurations = (
				50818BCA2C52A77C00BE212A /* Debug */,
				50818BCB2C52A77C00BE212A /* Release */,
			);
			defaultConfigurationIsVisible = 0;
			defaultConfigurationName = Release;
		};
		50818BCC2C52A77C00BE212A /* Build configuration list for PBXNativeTarget "RickAndMorty" */ = {
			isa = XCConfigurationList;
			buildConfigurations = (
				50818BCD2C52A77C00BE212A /* Debug */,
				50818BCE2C52A77C00BE212A /* Release */,
			);
			defaultConfigurationIsVisible = 0;
			defaultConfigurationName = Release;
		};
/* End XCConfigurationList section */
	};
	rootObject = 50818BB02C52A77B00BE212A /* Project object */;
}
